{
  "version": 4,
  "terraform_version": "1.5.5",
  "serial": 3,
  "lineage": "bb718a35-55d0-23d1-14ef-8fd694aeb820",
  "outputs": {},
  "resources": [
    {
      "module": "module.dev_env_rg",
      "mode": "managed",
      "type": "azurerm_resource_group",
      "name": "rg1_new",
      "provider": "provider[\"registry.terraform.io/hashicorp/azurerm\"]",
      "instances": [
        {
          "schema_version": 0,
          "attributes": {
            "id": "/subscriptions/d4456648-6da8-41bc-b2a9-7e239a025e19/resourceGroups/rg-3",
            "location": "eastus",
            "managed_by": "",
            "name": "rg-3",
            "tags": null,
            "timeouts": null
          },
          "sensitive_attributes": [],
          "private": "eyJlMmJmYjczMC1lY2FhLTExZTYtOGY4OC0zNDM2M2JjN2M0YzAiOnsiY3JlYXRlIjo1NDAwMDAwMDAwMDAwLCJkZWxldGUiOjU0MDAwMDAwMDAwMDAsInJlYWQiOjMwMDAwMDAwMDAwMCwidXBkYXRlIjo1NDAwMDAwMDAwMDAwfX0="
        }
      ]
    }
  ],
  "check_results": null
}
