{
  "version": 4,
  "terraform_version": "1.5.5",
  "serial": 9,
  "lineage": "24809fbf-bbe8-c9c5-b334-bd9f4eef32c6",
  "outputs": {},
  "resources": [
    {
      "module": "module.Nsg-rule",
      "mode": "managed",
      "type": "azurerm_network_security_group",
      "name": "vm_terraform_nsg",
      "provider": "provider[\"registry.terraform.io/hashicorp/azurerm\"]",
      "instances": [
        {
          "schema_version": 0,
          "attributes": {
            "id": "/subscriptions/d4456648-6da8-41bc-b2a9-7e239a025e19/resourceGroups/RG-1/providers/Microsoft.Network/networkSecurityGroups/vm-NetworkSecurityGroup",
            "location": "eastus",
            "name": "vm-NetworkSecurityGroup",
            "resource_group_name": "RG-1",
            "security_rule": [
              {
                "access": "Allow",
                "description": "",
                "destination_address_prefix": "*",
                "destination_address_prefixes": [],
                "destination_application_security_group_ids": [],
                "destination_port_range": "22",
                "destination_port_ranges": [],
                "direction": "Inbound",
                "name": "SSH",
                "priority": 1001,
                "protocol": "Tcp",
                "source_address_prefix": "*",
                "source_address_prefixes": [],
                "source_application_security_group_ids": [],
                "source_port_range": "*",
                "source_port_ranges": []
              },
              {
                "access": "Allow",
                "description": "",
                "destination_address_prefix": "*",
                "destination_address_prefixes": [],
                "destination_application_security_group_ids": [],
                "destination_port_range": "80",
                "destination_port_ranges": [],
                "direction": "Inbound",
                "name": "HTTP",
                "priority": 1002,
                "protocol": "Tcp",
                "source_address_prefix": "*",
                "source_address_prefixes": [],
                "source_application_security_group_ids": [],
                "source_port_range": "*",
                "source_port_ranges": []
              }
            ],
            "tags": null,
            "timeouts": null
          },
          "sensitive_attributes": [],
          "private": "eyJlMmJmYjczMC1lY2FhLTExZTYtOGY4OC0zNDM2M2JjN2M0YzAiOnsiY3JlYXRlIjoxODAwMDAwMDAwMDAwLCJkZWxldGUiOjE4MDAwMDAwMDAwMDAsInJlYWQiOjMwMDAwMDAwMDAwMCwidXBkYXRlIjoxODAwMDAwMDAwMDAwfX0=",
          "dependencies": [
            "module.rg1-dev.azurerm_resource_group.rg-1"
          ]
        }
      ]
    },
    {
      "module": "module.Vm-NIC",
      "mode": "managed",
      "type": "azurerm_network_interface",
      "name": "vm-nic",
      "provider": "provider[\"registry.terraform.io/hashicorp/azurerm\"]",
      "instances": [
        {
          "schema_version": 0,
          "attributes": {
            "applied_dns_servers": [],
            "dns_servers": [],
            "edge_zone": "",
            "enable_accelerated_networking": false,
            "enable_ip_forwarding": false,
            "id": "/subscriptions/d4456648-6da8-41bc-b2a9-7e239a025e19/resourceGroups/RG-1/providers/Microsoft.Network/networkInterfaces/vm-NIC",
            "internal_dns_name_label": "",
            "internal_domain_name_suffix": "ftiwafn4kfsutauupywxixc0be.bx.internal.cloudapp.net",
            "ip_configuration": [
              {
                "gateway_load_balancer_frontend_ip_configuration_id": "",
                "name": "vm_nic_configuration",
                "primary": true,
                "private_ip_address": "10.2.1.4",
                "private_ip_address_allocation": "Dynamic",
                "private_ip_address_version": "IPv4",
                "public_ip_address_id": "/subscriptions/d4456648-6da8-41bc-b2a9-7e239a025e19/resourceGroups/RG-1/providers/Microsoft.Network/publicIPAddresses/vm-PublicIP",
                "subnet_id": "/subscriptions/d4456648-6da8-41bc-b2a9-7e239a025e19/resourceGroups/RG-1/providers/Microsoft.Network/virtualNetworks/vnet-one/subnets/vnet1-subnet-01"
              }
            ],
            "location": "eastus",
            "mac_address": "",
            "name": "vm-NIC",
            "private_ip_address": "10.2.1.4",
            "private_ip_addresses": [
              "10.2.1.4"
            ],
            "resource_group_name": "RG-1",
            "tags": null,
            "timeouts": null,
            "virtual_machine_id": ""
          },
          "sensitive_attributes": [],
          "private": "eyJlMmJmYjczMC1lY2FhLTExZTYtOGY4OC0zNDM2M2JjN2M0YzAiOnsiY3JlYXRlIjoxODAwMDAwMDAwMDAwLCJkZWxldGUiOjE4MDAwMDAwMDAwMDAsInJlYWQiOjMwMDAwMDAwMDAwMCwidXBkYXRlIjoxODAwMDAwMDAwMDAwfX0=",
          "dependencies": [
            "module.rg1-dev.azurerm_resource_group.rg-1",
            "module.vm-public-ip.azurerm_public_ip.vm_public_ip",
            "module.vnet-rg1-dev.azurerm_subnet.subnet01",
            "module.vnet-rg1-dev.azurerm_virtual_network.vnet1"
          ]
        }
      ]
    },
    {
      "module": "module.rg1-dev",
      "mode": "managed",
      "type": "azurerm_resource_group",
      "name": "rg-1",
      "provider": "provider[\"registry.terraform.io/hashicorp/azurerm\"]",
      "instances": [
        {
          "schema_version": 0,
          "attributes": {
            "id": "/subscriptions/d4456648-6da8-41bc-b2a9-7e239a025e19/resourceGroups/RG-1",
            "location": "eastus",
            "managed_by": "",
            "name": "RG-1",
            "tags": null,
            "timeouts": null
          },
          "sensitive_attributes": [],
          "private": "eyJlMmJmYjczMC1lY2FhLTExZTYtOGY4OC0zNDM2M2JjN2M0YzAiOnsiY3JlYXRlIjo1NDAwMDAwMDAwMDAwLCJkZWxldGUiOjU0MDAwMDAwMDAwMDAsInJlYWQiOjMwMDAwMDAwMDAwMCwidXBkYXRlIjo1NDAwMDAwMDAwMDAwfX0="
        }
      ]
    },
    {
      "module": "module.sec-group-to-inerface",
      "mode": "managed",
      "type": "azurerm_network_interface_security_group_association",
      "name": "sec-group-to-interface",
      "provider": "provider[\"registry.terraform.io/hashicorp/azurerm\"]",
      "instances": [
        {
          "schema_version": 0,
          "attributes": {
            "id": "/subscriptions/d4456648-6da8-41bc-b2a9-7e239a025e19/resourceGroups/RG-1/providers/Microsoft.Network/networkInterfaces/vm-NIC|/subscriptions/d4456648-6da8-41bc-b2a9-7e239a025e19/resourceGroups/RG-1/providers/Microsoft.Network/networkSecurityGroups/vm-NetworkSecurityGroup",
            "network_interface_id": "/subscriptions/d4456648-6da8-41bc-b2a9-7e239a025e19/resourceGroups/RG-1/providers/Microsoft.Network/networkInterfaces/vm-NIC",
            "network_security_group_id": "/subscriptions/d4456648-6da8-41bc-b2a9-7e239a025e19/resourceGroups/RG-1/providers/Microsoft.Network/networkSecurityGroups/vm-NetworkSecurityGroup",
            "timeouts": null
          },
          "sensitive_attributes": [],
          "private": "eyJlMmJmYjczMC1lY2FhLTExZTYtOGY4OC0zNDM2M2JjN2M0YzAiOnsiY3JlYXRlIjoxODAwMDAwMDAwMDAwLCJkZWxldGUiOjE4MDAwMDAwMDAwMDAsInJlYWQiOjMwMDAwMDAwMDAwMCwidXBkYXRlIjoxODAwMDAwMDAwMDAwfX0=",
          "dependencies": [
            "module.Nsg-rule.azurerm_network_security_group.vm_terraform_nsg",
            "module.Vm-NIC.azurerm_network_interface.vm-nic",
            "module.rg1-dev.azurerm_resource_group.rg-1",
            "module.vm-public-ip.azurerm_public_ip.vm_public_ip",
            "module.vnet-rg1-dev.azurerm_subnet.subnet01",
            "module.vnet-rg1-dev.azurerm_virtual_network.vnet1"
          ]
        }
      ]
    },
    {
      "module": "module.vm-public-ip",
      "mode": "managed",
      "type": "azurerm_public_ip",
      "name": "vm_public_ip",
      "provider": "provider[\"registry.terraform.io/hashicorp/azurerm\"]",
      "instances": [
        {
          "schema_version": 0,
          "attributes": {
            "allocation_method": "Dynamic",
            "ddos_protection_mode": "VirtualNetworkInherited",
            "ddos_protection_plan_id": null,
            "domain_name_label": null,
            "edge_zone": "",
            "fqdn": null,
            "id": "/subscriptions/d4456648-6da8-41bc-b2a9-7e239a025e19/resourceGroups/RG-1/providers/Microsoft.Network/publicIPAddresses/vm-PublicIP",
            "idle_timeout_in_minutes": 4,
            "ip_address": "",
            "ip_tags": null,
            "ip_version": "IPv4",
            "location": "eastus",
            "name": "vm-PublicIP",
            "public_ip_prefix_id": null,
            "resource_group_name": "RG-1",
            "reverse_fqdn": null,
            "sku": "Basic",
            "sku_tier": "Regional",
            "tags": null,
            "timeouts": null,
            "zones": null
          },
          "sensitive_attributes": [],
          "private": "eyJlMmJmYjczMC1lY2FhLTExZTYtOGY4OC0zNDM2M2JjN2M0YzAiOnsiY3JlYXRlIjoxODAwMDAwMDAwMDAwLCJkZWxldGUiOjE4MDAwMDAwMDAwMDAsInJlYWQiOjMwMDAwMDAwMDAwMCwidXBkYXRlIjoxODAwMDAwMDAwMDAwfX0=",
          "dependencies": [
            "module.rg1-dev.azurerm_resource_group.rg-1"
          ]
        }
      ]
    },
    {
      "module": "module.vm-ubuntu",
      "mode": "managed",
      "type": "azurerm_linux_virtual_machine",
      "name": "virtal-machine",
      "provider": "provider[\"registry.terraform.io/hashicorp/azurerm\"]",
      "instances": [
        {
          "schema_version": 0,
          "attributes": {
            "additional_capabilities": [],
            "admin_password": "password@123",
            "admin_ssh_key": [],
            "admin_username": "user01",
            "allow_extension_operations": true,
            "availability_set_id": "",
            "boot_diagnostics": [],
            "bypass_platform_safety_checks_on_user_schedule_enabled": false,
            "capacity_reservation_group_id": "",
            "computer_name": "hostname",
            "custom_data": null,
            "dedicated_host_group_id": "",
            "dedicated_host_id": "",
            "disable_password_authentication": false,
            "edge_zone": "",
            "encryption_at_host_enabled": false,
            "eviction_policy": "",
            "extensions_time_budget": "PT1H30M",
            "gallery_application": [],
            "id": "/subscriptions/d4456648-6da8-41bc-b2a9-7e239a025e19/resourceGroups/RG-1/providers/Microsoft.Compute/virtualMachines/vm-ubuntu",
            "identity": [],
            "license_type": "",
            "location": "eastus",
            "max_bid_price": -1,
            "name": "vm-ubuntu",
            "network_interface_ids": [
              "/subscriptions/d4456648-6da8-41bc-b2a9-7e239a025e19/resourceGroups/RG-1/providers/Microsoft.Network/networkInterfaces/vm-NIC"
            ],
            "os_disk": [
              {
                "caching": "ReadWrite",
                "diff_disk_settings": [],
                "disk_encryption_set_id": "",
                "disk_size_gb": 30,
                "name": "vm-OsDisk",
                "secure_vm_disk_encryption_set_id": "",
                "security_encryption_type": "",
                "storage_account_type": "Standard_LRS",
                "write_accelerator_enabled": false
              }
            ],
            "patch_assessment_mode": "ImageDefault",
            "patch_mode": "ImageDefault",
            "plan": [],
            "platform_fault_domain": -1,
            "priority": "Regular",
            "private_ip_address": "10.2.1.4",
            "private_ip_addresses": [
              "10.2.1.4"
            ],
            "provision_vm_agent": true,
            "proximity_placement_group_id": "",
            "public_ip_address": "20.25.98.188",
            "public_ip_addresses": [
              "20.25.98.188"
            ],
            "reboot_setting": "",
            "resource_group_name": "RG-1",
            "secret": [],
            "secure_boot_enabled": false,
            "size": "Standard_B1s",
            "source_image_id": "",
            "source_image_reference": [
              {
                "offer": "0001-com-ubuntu-server-jammy",
                "publisher": "canonical",
                "sku": "22_04-lts",
                "version": "latest"
              }
            ],
            "tags": null,
            "termination_notification": null,
            "timeouts": null,
            "user_data": "",
            "virtual_machine_id": "5434a268-a133-456b-9399-92ff2729c745",
            "virtual_machine_scale_set_id": "",
            "vtpm_enabled": false,
            "zone": ""
          },
          "sensitive_attributes": [],
          "private": "eyJlMmJmYjczMC1lY2FhLTExZTYtOGY4OC0zNDM2M2JjN2M0YzAiOnsiY3JlYXRlIjoyNzAwMDAwMDAwMDAwLCJkZWxldGUiOjI3MDAwMDAwMDAwMDAsInJlYWQiOjMwMDAwMDAwMDAwMCwidXBkYXRlIjoyNzAwMDAwMDAwMDAwfX0=",
          "dependencies": [
            "module.Vm-NIC.azurerm_network_interface.vm-nic",
            "module.rg1-dev.azurerm_resource_group.rg-1",
            "module.vm-public-ip.azurerm_public_ip.vm_public_ip",
            "module.vnet-rg1-dev.azurerm_subnet.subnet01",
            "module.vnet-rg1-dev.azurerm_virtual_network.vnet1"
          ]
        }
      ]
    },
    {
      "module": "module.vnet-rg1-dev",
      "mode": "managed",
      "type": "azurerm_subnet",
      "name": "subnet01",
      "provider": "provider[\"registry.terraform.io/hashicorp/azurerm\"]",
      "instances": [
        {
          "schema_version": 0,
          "attributes": {
            "address_prefixes": [
              "10.2.1.0/24"
            ],
            "delegation": [],
            "enforce_private_link_endpoint_network_policies": false,
            "enforce_private_link_service_network_policies": false,
            "id": "/subscriptions/d4456648-6da8-41bc-b2a9-7e239a025e19/resourceGroups/RG-1/providers/Microsoft.Network/virtualNetworks/vnet-one/subnets/vnet1-subnet-01",
            "name": "vnet1-subnet-01",
            "private_endpoint_network_policies_enabled": true,
            "private_link_service_network_policies_enabled": true,
            "resource_group_name": "RG-1",
            "service_endpoint_policy_ids": null,
            "service_endpoints": null,
            "timeouts": null,
            "virtual_network_name": "vnet-one"
          },
          "sensitive_attributes": [],
          "private": "eyJlMmJmYjczMC1lY2FhLTExZTYtOGY4OC0zNDM2M2JjN2M0YzAiOnsiY3JlYXRlIjoxODAwMDAwMDAwMDAwLCJkZWxldGUiOjE4MDAwMDAwMDAwMDAsInJlYWQiOjMwMDAwMDAwMDAwMCwidXBkYXRlIjoxODAwMDAwMDAwMDAwfX0=",
          "dependencies": [
            "module.rg1-dev.azurerm_resource_group.rg-1",
            "module.vnet-rg1-dev.azurerm_virtual_network.vnet1"
          ]
        }
      ]
    },
    {
      "module": "module.vnet-rg1-dev",
      "mode": "managed",
      "type": "azurerm_virtual_network",
      "name": "vnet1",
      "provider": "provider[\"registry.terraform.io/hashicorp/azurerm\"]",
      "instances": [
        {
          "schema_version": 0,
          "attributes": {
            "address_space": [
              "10.2.0.0/16"
            ],
            "bgp_community": "",
            "ddos_protection_plan": [],
            "dns_servers": [],
            "edge_zone": "",
            "encryption": [],
            "flow_timeout_in_minutes": 0,
            "guid": "1560d12c-51be-4965-8294-7e2d745c5a0c",
            "id": "/subscriptions/d4456648-6da8-41bc-b2a9-7e239a025e19/resourceGroups/RG-1/providers/Microsoft.Network/virtualNetworks/vnet-one",
            "location": "eastus",
            "name": "vnet-one",
            "resource_group_name": "RG-1",
            "subnet": [],
            "tags": null,
            "timeouts": null
          },
          "sensitive_attributes": [],
          "private": "eyJlMmJmYjczMC1lY2FhLTExZTYtOGY4OC0zNDM2M2JjN2M0YzAiOnsiY3JlYXRlIjoxODAwMDAwMDAwMDAwLCJkZWxldGUiOjE4MDAwMDAwMDAwMDAsInJlYWQiOjMwMDAwMDAwMDAwMCwidXBkYXRlIjoxODAwMDAwMDAwMDAwfX0=",
          "dependencies": [
            "module.rg1-dev.azurerm_resource_group.rg-1"
          ]
        }
      ]
    }
  ],
  "check_results": null
}
